
Microsoft Visual Studio Solution File, Format Version 11.00
# Visual Studio 2010
Project("{2150E333-8FDC-42A3-9474-1A3956D46DE8}") = "Solution Items", "Solution Items", "{BEA7867A-AA8B-4BC8-B5C3-A5FC796E0473}"
	ProjectSection(SolutionItems) = preProject
		Local.testsettings = Local.testsettings
		ReportGenerationTest.vsmdi = ReportGenerationTest.vsmdi
		TraceAndTestImpact.testsettings = TraceAndTestImpact.testsettings
	EndProjectSection
EndProject
Project("{FAE04EC0-301F-11D3-BF4B-00C04F79EFBC}") = "ReportGen", "ReportGen\ReportGen.csproj", "{FD14CDF4-A12E-4D21-B4F0-A9017D7A4456}"
EndProject
Project("{FAE04EC0-301F-11D3-BF4B-00C04F79EFBC}") = "ReportGenTest", "ReportGenTest\ReportGenTest.csproj", "{962A2813-1D6B-4648-813C-AC4BE3C2ECBD}"
EndProject
Global
	GlobalSection(TestCaseManagementSettings) = postSolution
		CategoryFile = ReportGenerationTest.vsmdi
	EndGlobalSection
	GlobalSection(SolutionConfigurationPlatforms) = preSolution
		Debug|Any CPU = Debug|Any CPU
		Release|Any CPU = Release|Any CPU
	EndGlobalSection
	GlobalSection(ProjectConfigurationPlatforms) = postSolution
		{FD14CDF4-A12E-4D21-B4F0-A9017D7A4456}.Debug|Any CPU.ActiveCfg = Debug|Any CPU
		{FD14CDF4-A12E-4D21-B4F0-A9017D7A4456}.Debug|Any CPU.Build.0 = Debug|Any CPU
		{FD14CDF4-A12E-4D21-B4F0-A9017D7A4456}.Release|Any CPU.ActiveCfg = Release|Any CPU
		{FD14CDF4-A12E-4D21-B4F0-A9017D7A4456}.Release|Any CPU.Build.0 = Release|Any CPU
		{962A2813-1D6B-4648-813C-AC4BE3C2ECBD}.Debug|Any CPU.ActiveCfg = Debug|Any CPU
		{962A2813-1D6B-4648-813C-AC4BE3C2ECBD}.Debug|Any CPU.Build.0 = Debug|Any CPU
		{962A2813-1D6B-4648-813C-AC4BE3C2ECBD}.Release|Any CPU.ActiveCfg = Release|Any CPU
		{962A2813-1D6B-4648-813C-AC4BE3C2ECBD}.Release|Any CPU.Build.0 = Release|Any CPU
	EndGlobalSection
	GlobalSection(SolutionProperties) = preSolution
		HideSolutionNode = FALSE
	EndGlobalSection
EndGlobal
